// !$*UTF8*$!
{
	archiveVersion = 1;
	classes = {
	};
	objectVersion = 50;
	objects = {

/* Begin PBXBuildFile section */
		5E9F8FDC25DB7A180085E890 /* AppDelegate.swift in Sources */ = {isa = PBXBuildFile; fileRef = 5E9F8FDB25DB7A180085E890 /* AppDelegate.swift */; };
		5E9F8FDE25DB7A180085E890 /* SceneDelegate.swift in Sources */ = {isa = PBXBuildFile; fileRef = 5E9F8FDD25DB7A180085E890 /* SceneDelegate.swift */; };
		5E9F8FE025DB7A180085E890 /* ViewController.swift in Sources */ = {isa = PBXBuildFile; fileRef = 5E9F8FDF25DB7A180085E890 /* ViewController.swift */; };
		5E9F8FE325DB7A180085E890 /* Main.storyboard in Resources */ = {isa = PBXBuildFile; fileRef = 5E9F8FE125DB7A180085E890 /* Main.storyboard */; };
		5E9F8FE525DB7A190085E890 /* Assets.xcassets in Resources */ = {isa = PBXBuildFile; fileRef = 5E9F8FE425DB7A190085E890 /* Assets.xcassets */; };
		5E9F8FE825DB7A190085E890 /* LaunchScreen.storyboard in Resources */ = {isa = PBXBuildFile; fileRef = 5E9F8FE625DB7A190085E890 /* LaunchScreen.storyboard */; };
		5E9F8FF325DB7A1A0085E890 /* FlixTests.swift in Sources */ = {isa = PBXBuildFile; fileRef = 5E9F8FF225DB7A1A0085E890 /* FlixTests.swift */; };
		5E9F8FFE25DB7A1A0085E890 /* FlixUITests.swift in Sources */ = {isa = PBXBuildFile; fileRef = 5E9F8FFD25DB7A1A0085E890 /* FlixUITests.swift */; };
/* End PBXBuildFile section */

/* Begin PBXContainerItemProxy section */
		5E9F8FEF25DB7A1A0085E890 /* PBXContainerItemProxy */ = {
			isa = PBXContainerItemProxy;
			containerPortal = 5E9F8FD025DB7A180085E890 /* Project object */;
			proxyType = 1;
			remoteGlobalIDString = 5E9F8FD725DB7A180085E890;
			remoteInfo = Flix;
		};
		5E9F8FFA25DB7A1A0085E890 /* PBXContainerItemProxy */ = {
			isa = PBXContainerItemProxy;
			containerPortal = 5E9F8FD025DB7A180085E890 /* Project object */;
			proxyType = 1;
			remoteGlobalIDString = 5E9F8FD725DB7A180085E890;
			remoteInfo = Flix;
		};
/* End PBXContainerItemProxy section */

/* Begin PBXFileReference section */
		5E9F8FD825DB7A180085E890 /* Flix.app */ = {isa = PBXFileReference; explicitFileType = wrapper.application; includeInIndex = 0; path = Flix.app; sourceTree = BUILT_PRODUCTS_DIR; };
		5E9F8FDB25DB7A180085E890 /* AppDelegate.swift */ = {isa = PBXFileReference; lastKnownFileType = sourcecode.swift; path = AppDelegate.swift; sourceTree = "<group>"; };
		5E9F8FDD25DB7A180085E890 /* SceneDelegate.swift */ = {isa = PBXFileReference; lastKnownFileType = sourcecode.swift; path = SceneDelegate.swift; sourceTree = "<group>"; };
		5E9F8FDF25DB7A180085E890 /* ViewController.swift */ = {isa = PBXFileReference; lastKnownFileType = sourcecode.swift; path = ViewController.swift; sourceTree = "<group>"; };
		5E9F8FE225DB7A180085E890 /* Base */ = {isa = PBXFileReference; lastKnownFileType = file.storyboard; name = Base; path = Base.lproj/Main.storyboard; sourceTree = "<group>"; };
		5E9F8FE425DB7A190085E890 /* Assets.xcassets */ = {isa = PBXFileReference; lastKnownFileType = folder.assetcatalog; path = Assets.xcassets; sourceTree = "<group>"; };
		5E9F8FE725DB7A190085E890 /* Base */ = {isa = PBXFileReference; lastKnownFileType = file.storyboard; name = Base; path = Base.lproj/LaunchScreen.storyboard; sourceTree = "<group>"; };
		5E9F8FE925DB7A190085E890 /* Info.plist */ = {isa = PBXFileReference; lastKnownFileType = text.plist.xml; path = Info.plist; sourceTree = "<group>"; };
		5E9F8FEE25DB7A1A0085E890 /* FlixTests.xctest */ = {isa = PBXFileReference; explicitFileType = wrapper.cfbundle; includeInIndex = 0; path = FlixTests.xctest; sourceTree = BUILT_PRODUCTS_DIR; };
		5E9F8FF225DB7A1A0085E890 /* FlixTests.swift */ = {isa = PBXFileReference; lastKnownFileType = sourcecode.swift; path = FlixTests.swift; sourceTree = "<group>"; };
		5E9F8FF425DB7A1A0085E890 /* Info.plist */ = {isa = PBXFileReference; lastKnownFileType = text.plist.xml; path = Info.plist; sourceTree = "<group>"; };
		5E9F8FF925DB7A1A0085E890 /* FlixUITests.xctest */ = {isa = PBXFileReference; explicitFileType = wrapper.cfbundle; includeInIndex = 0; path = FlixUITests.xctest; sourceTree = BUILT_PRODUCTS_DIR; };
		5E9F8FFD25DB7A1A0085E890 /* FlixUITests.swift */ = {isa = PBXFileReference; lastKnownFileType = sourcecode.swift; path = FlixUITests.swift; sourceTree = "<group>"; };
		5E9F8FFF25DB7A1A0085E890 /* Info.plist */ = {isa = PBXFileReference; lastKnownFileType = text.plist.xml; path = Info.plist; sourceTree = "<group>"; };
/* End PBXFileReference section */

/* Begin PBXFrameworksBuildPhase section */
		5E9F8FD525DB7A180085E890 /* Frameworks */ = {
			isa = PBXFrameworksBuildPhase;
			buildActionMask = 2147483647;
			files = (
			);
			runOnlyForDeploymentPostprocessing = 0;
		};
		5E9F8FEB25DB7A1A0085E890 /* Frameworks */ = {
			isa = PBXFrameworksBuildPhase;
			buildActionMask = 2147483647;
			files = (
			);
			runOnlyForDeploymentPostprocessing = 0;
		};
		5E9F8FF625DB7A1A0085E890 /* Frameworks */ = {
			isa = PBXFrameworksBuildPhase;
			buildActionMask = 2147483647;
			files = (
			);
			runOnlyForDeploymentPostprocessing = 0;
		};
/* End PBXFrameworksBuildPhase section */

/* Begin PBXGroup section */
		5E9F8FCF25DB7A180085E890 = {
			isa = PBXGroup;
			children = (
				5E9F8FDA25DB7A180085E890 /* Flix */,
				5E9F8FF125DB7A1A0085E890 /* FlixTests */,
				5E9F8FFC25DB7A1A0085E890 /* FlixUITests */,
				5E9F8FD925DB7A180085E890 /* Products */,
			);
			sourceTree = "<group>";
		};
		5E9F8FD925DB7A180085E890 /* Products */ = {
			isa = PBXGroup;
			children = (
				5E9F8FD825DB7A180085E890 /* Flix.app */,
				5E9F8FEE25DB7A1A0085E890 /* FlixTests.xctest */,
				5E9F8FF925DB7A1A0085E890 /* FlixUITests.xctest */,
			);
			name = Products;
			sourceTree = "<group>";
		};
		5E9F8FDA25DB7A180085E890 /* Flix */ = {
			isa = PBXGroup;
			children = (
				5E9F8FDB25DB7A180085E890 /* AppDelegate.swift */,
				5E9F8FDD25DB7A180085E890 /* SceneDelegate.swift */,
				5E9F8FDF25DB7A180085E890 /* ViewController.swift */,
				5E9F8FE125DB7A180085E890 /* Main.storyboard */,
				5E9F8FE425DB7A190085E890 /* Assets.xcassets */,
				5E9F8FE625DB7A190085E890 /* LaunchScreen.storyboard */,
				5E9F8FE925DB7A190085E890 /* Info.plist */,
			);
			path = Flix;
			sourceTree = "<group>";
		};
		5E9F8FF125DB7A1A0085E890 /* FlixTests */ = {
			isa = PBXGroup;
			children = (
				5E9F8FF225DB7A1A0085E890 /* FlixTests.swift */,
				5E9F8FF425DB7A1A0085E890 /* Info.plist */,
			);
			path = FlixTests;
			sourceTree = "<group>";
		};
		5E9F8FFC25DB7A1A0085E890 /* FlixUITests */ = {
			isa = PBXGroup;
			children = (
				5E9F8FFD25DB7A1A0085E890 /* FlixUITests.swift */,
				5E9F8FFF25DB7A1A0085E890 /* Info.plist */,
			);
			path = FlixUITests;
			sourceTree = "<group>";
		};
/* End PBXGroup section */

/* Begin PBXNativeTarget section */
		5E9F8FD725DB7A180085E890 /* Flix */ = {
			isa = PBXNativeTarget;
			buildConfigurationList = 5E9F900225DB7A1A0085E890 /* Build configuration list for PBXNativeTarget "Flix" */;
			buildPhases = (
				5E9F8FD425DB7A180085E890 /* Sources */,
				5E9F8FD525DB7A180085E890 /* Frameworks */,
				5E9F8FD625DB7A180085E890 /* Resources */,
			);
			buildRules = (
			);
			dependencies = (
			);
			name = Flix;
			productName = Flix;
			productReference = 5E9F8FD825DB7A180085E890 /* Flix.app */;
			productType = "com.apple.product-type.application";
		};
		5E9F8FED25DB7A1A0085E890 /* FlixTests */ = {
			isa = PBXNativeTarget;
			buildConfigurationList = 5E9F900525DB7A1A0085E890 /* Build configuration list for PBXNativeTarget "FlixTests" */;
			buildPhases = (
				5E9F8FEA25DB7A1A0085E890 /* Sources */,
				5E9F8FEB25DB7A1A0085E890 /* Frameworks */,
				5E9F8FEC25DB7A1A0085E890 /* Resources */,
			);
			buildRules = (
			);
			dependencies = (
				5E9F8FF025DB7A1A0085E890 /* PBXTargetDependency */,
			);
			name = FlixTests;
			productName = FlixTests;
			productReference = 5E9F8FEE25DB7A1A0085E890 /* FlixTests.xctest */;
			productType = "com.apple.product-type.bundle.unit-test";
		};
		5E9F8FF825DB7A1A0085E890 /* FlixUITests */ = {
			isa = PBXNativeTarget;
			buildConfigurationList = 5E9F900825DB7A1A0085E890 /* Build configuration list for PBXNativeTarget "FlixUITests" */;
			buildPhases = (
				5E9F8FF525DB7A1A0085E890 /* Sources */,
				5E9F8FF625DB7A1A0085E890 /* Frameworks */,
				5E9F8FF725DB7A1A0085E890 /* Resources */,
			);
			buildRules = (
			);
			dependencies = (
				5E9F8FFB25DB7A1A0085E890 /* PBXTargetDependency */,
			);
			name = FlixUITests;
			productName = FlixUITests;
			productReference = 5E9F8FF925DB7A1A0085E890 /* FlixUITests.xctest */;
			productType = "com.apple.product-type.bundle.ui-testing";
		};
/* End PBXNativeTarget section */

/* Begin PBXProject section */
		5E9F8FD025DB7A180085E890 /* Project object */ = {
			isa = PBXProject;
			attributes = {
				LastSwiftUpdateCheck = 1230;
				LastUpgradeCheck = 1230;
				TargetAttributes = {
					5E9F8FD725DB7A180085E890 = {
						CreatedOnToolsVersion = 12.3;
					};
					5E9F8FED25DB7A1A0085E890 = {
						CreatedOnToolsVersion = 12.3;
						TestTargetID = 5E9F8FD725DB7A180085E890;
					};
					5E9F8FF825DB7A1A0085E890 = {
						CreatedOnToolsVersion = 12.3;
						TestTargetID = 5E9F8FD725DB7A180085E890;
					};
				};
			};
			buildConfigurationList = 5E9F8FD325DB7A180085E890 /* Build configuration list for PBXProject "Flix" */;
			compatibilityVersion = "Xcode 9.3";
			developmentRegion = en;
			hasScannedForEncodings = 0;
			knownRegions = (
				en,
				Base,
			);
			mainGroup = 5E9F8FCF25DB7A180085E890;
			productRefGroup = 5E9F8FD925DB7A180085E890 /* Products */;
			projectDirPath = "";
			projectRoot = "";
			targets = (
				5E9F8FD725DB7A180085E890 /* Flix */,
				5E9F8FED25DB7A1A0085E890 /* FlixTests */,
				5E9F8FF825DB7A1A0085E890 /* FlixUITests */,
			);
		};
/* End PBXProject section */

/* Begin PBXResourcesBuildPhase section */
		5E9F8FD625DB7A180085E890 /* Resources */ = {
			isa = PBXResourcesBuildPhase;
			buildActionMask = 2147483647;
			files = (
				5E9F8FE825DB7A190085E890 /* LaunchScreen.storyboard in Resources */,
				5E9F8FE525DB7A190085E890 /* Assets.xcassets in Resources */,
				5E9F8FE325DB7A180085E890 /* Main.storyboard in Resources */,
			);
			runOnlyForDeploymentPostprocessing = 0;
		};
		5E9F8FEC25DB7A1A0085E890 /* Resources */ = {
			isa = PBXResourcesBuildPhase;
			buildActionMask = 2147483647;
			files = (
			);
			runOnlyForDeploymentPostprocessing = 0;
		};
		5E9F8FF725DB7A1A0085E890 /* Resources */ = {
			isa = PBXResourcesBuildPhase;
			buildActionMask = 2147483647;
			files = (
			);
			runOnlyForDeploymentPostprocessing = 0;
		};
/* End PBXResourcesBuildPhase section */

/* Begin PBXSourcesBuildPhase section */
		5E9F8FD425DB7A180085E890 /* Sources */ = {
			isa = PBXSourcesBuildPhase;
			buildActionMask = 2147483647;
			files = (
				5E9F8FE025DB7A180085E890 /* ViewController.swift in Sources */,
				5E9F8FDC25DB7A180085E890 /* AppDelegate.swift in Sources */,
				5E9F8FDE25DB7A180085E890 /* SceneDelegate.swift in Sources */,
			);
			runOnlyForDeploymentPostprocessing = 0;
		};
		5E9F8FEA25DB7A1A0085E890 /* Sources */ = {
			isa = PBXSourcesBuildPhase;
			buildActionMask = 2147483647;
			files = (
				5E9F8FF325DB7A1A0085E890 /* FlixTests.swift in Sources */,
			);
			runOnlyForDeploymentPostprocessing = 0;
		};
		5E9F8FF525DB7A1A0085E890 /* Sources */ = {
			isa = PBXSourcesBuildPhase;
			buildActionMask = 2147483647;
			files = (
				5E9F8FFE25DB7A1A0085E890 /* FlixUITests.swift in Sources */,
			);
			runOnlyForDeploymentPostprocessing = 0;
		};
/* End PBXSourcesBuildPhase section */

/* Begin PBXTargetDependency section */
		5E9F8FF025DB7A1A0085E890 /* PBXTargetDependency */ = {
			isa = PBXTargetDependency;
			target = 5E9F8FD725DB7A180085E890 /* Flix */;
			targetProxy = 5E9F8FEF25DB7A1A0085E890 /* PBXContainerItemProxy */;
		};
		5E9F8FFB25DB7A1A0085E890 /* PBXTargetDependency */ = {
			isa = PBXTargetDependency;
			target = 5E9F8FD725DB7A180085E890 /* Flix */;
			targetProxy = 5E9F8FFA25DB7A1A0085E890 /* PBXContainerItemProxy */;
		};
/* End PBXTargetDependency section */

/* Begin PBXVariantGroup section */
		5E9F8FE125DB7A180085E890 /* Main.storyboard */ = {
			isa = PBXVariantGroup;
			children = (
				5E9F8FE225DB7A180085E890 /* Base */,
			);
			name = Main.storyboard;
			sourceTree = "<group>";
		};
		5E9F8FE625DB7A190085E890 /* LaunchScreen.storyboard */ = {
			isa = PBXVariantGroup;
			children = (
				5E9F8FE725DB7A190085E890 /* Base */,
			);
			name = LaunchScreen.storyboard;
			sourceTree = "<group>";
		};
/* End PBXVariantGroup section */

/* Begin XCBuildConfiguration section */
		5E9F900025DB7A1A0085E890 /* Debug */ = {
			isa = XCBuildConfiguration;
			buildSettings = {
				ALWAYS_SEARCH_USER_PATHS = NO;
				CLANG_ANALYZER_NONNULL = YES;
				CLANG_ANALYZER_NUMBER_OBJECT_CONVERSION = YES_AGGRESSIVE;
				CLANG_CXX_LANGUAGE_STANDARD = "gnu++14";
				CLANG_CXX_LIBRARY = "libc++";
				CLANG_ENABLE_MODULES = YES;
				CLANG_ENABLE_OBJC_ARC = YES;
				CLANG_ENABLE_OBJC_WEAK = YES;
				CLANG_WARN_BLOCK_CAPTURE_AUTORELEASING = YES;
				CLANG_WARN_BOOL_CONVERSION = YES;
				CLANG_WARN_COMMA = YES;
				CLANG_WARN_CONSTANT_CONVERSION = YES;
				CLANG_WARN_DEPRECATED_OBJC_IMPLEMENTATIONS = YES;
				CLANG_WARN_DIRECT_OBJC_ISA_USAGE = YES_ERROR;
				CLANG_WARN_DOCUMENTATION_COMMENTS = YES;
				CLANG_WARN_EMPTY_BODY = YES;
				CLANG_WARN_ENUM_CONVERSION = YES;
				CLANG_WARN_INFINITE_RECURSION = YES;
				CLANG_WARN_INT_CONVERSION = YES;
				CLANG_WARN_NON_LITERAL_NULL_CONVERSION = YES;
				CLANG_WARN_OBJC_IMPLICIT_RETAIN_SELF = YES;
				CLANG_WARN_OBJC_LITERAL_CONVERSION = YES;
				CLANG_WARN_OBJC_ROOT_CLASS = YES_ERROR;
				CLANG_WARN_QUOTED_INCLUDE_IN_FRAMEWORK_HEADER = YES;
				CLANG_WARN_RANGE_LOOP_ANALYSIS = YES;
				CLANG_WARN_STRICT_PROTOTYPES = YES;
				CLANG_WARN_SUSPICIOUS_MOVE = YES;
				CLANG_WARN_UNGUARDED_AVAILABILITY = YES_AGGRESSIVE;
				CLANG_WARN_UNREACHABLE_CODE = YES;
				CLANG_WARN__DUPLICATE_METHOD_MATCH = YES;
				COPY_PHASE_STRIP = NO;
				DEBUG_INFORMATION_FORMAT = dwarf;
				ENABLE_STRICT_OBJC_MSGSEND = YES;
				ENABLE_TESTABILITY = YES;
				GCC_C_LANGUAGE_STANDARD = gnu11;
				GCC_DYNAMIC_NO_PIC = NO;
				GCC_NO_COMMON_BLOCKS = YES;
				GCC_OPTIMIZATION_LEVEL = 0;
				GCC_PREPROCESSOR_DEFINITIONS = (
					"DEBUG=1",
					"$(inherited)",
				);
				GCC_WARN_64_TO_32_BIT_CONVERSION = YES;
				GCC_WARN_ABOUT_RETURN_TYPE = YES_ERROR;
				GCC_WARN_UNDECLARED_SELECTOR = YES;
				GCC_WARN_UNINITIALIZED_AUTOS = YES_AGGRESSIVE;
				GCC_WARN_UNUSED_FUNCTION = YES;
				GCC_WARN_UNUSED_VARIABLE = YES;
				IPHONEOS_DEPLOYMENT_TARGET = 14.3;
				MTL_ENABLE_DEBUG_INFO = INCLUDE_SOURCE;
				MTL_FAST_MATH = YES;
				ONLY_ACTIVE_ARCH = YES;
				SDKROOT = iphoneos;
				SWIFT_ACTIVE_COMPILATION_CONDITIONS = DEBUG;
				SWIFT_OPTIMIZATION_LEVEL = "-Onone";
			};
			name = Debug;
		};
		5E9F900125DB7A1A0085E890 /* Release */ = {
			isa = XCBuildConfiguration;
			buildSettings = {
				ALWAYS_SEARCH_USER_PATHS = NO;
				CLANG_ANALYZER_NONNULL = YES;
				CLANG_ANALYZER_NUMBER_OBJECT_CONVERSION = YES_AGGRESSIVE;
				CLANG_CXX_LANGUAGE_STANDARD = "gnu++14";
				CLANG_CXX_LIBRARY = "libc++";
				CLANG_ENABLE_MODULES = YES;
				CLANG_ENABLE_OBJC_ARC = YES;
				CLANG_ENABLE_OBJC_WEAK = YES;
				CLANG_WARN_BLOCK_CAPTURE_AUTORELEASING = YES;
				CLANG_WARN_BOOL_CONVERSION = YES;
				CLANG_WARN_COMMA = YES;
				CLANG_WARN_CONSTANT_CONVERSION = YES;
				CLANG_WARN_DEPRECATED_OBJC_IMPLEMENTATIONS = YES;
				CLANG_WARN_DIRECT_OBJC_ISA_USAGE = YES_ERROR;
				CLANG_WARN_DOCUMENTATION_COMMENTS = YES;
				CLANG_WARN_EMPTY_BODY = YES;
				CLANG_WARN_ENUM_CONVERSION = YES;
				CLANG_WARN_INFINITE_RECURSION = YES;
				CLANG_WARN_INT_CONVERSION = YES;
				CLANG_WARN_NON_LITERAL_NULL_CONVERSION = YES;
				CLANG_WARN_OBJC_IMPLICIT_RETAIN_SELF = YES;
				CLANG_WARN_OBJC_LITERAL_CONVERSION = YES;
				CLANG_WARN_OBJC_ROOT_CLASS = YES_ERROR;
				CLANG_WARN_QUOTED_INCLUDE_IN_FRAMEWORK_HEADER = YES;
				CLANG_WARN_RANGE_LOOP_ANALYSIS = YES;
				CLANG_WARN_STRICT_PROTOTYPES = YES;
				CLANG_WARN_SUSPICIOUS_MOVE = YES;
				CLANG_WARN_UNGUARDED_AVAILABILITY = YES_AGGRESSIVE;
				CLANG_WARN_UNREACHABLE_CODE = YES;
				CLANG_WARN__DUPLICATE_METHOD_MATCH = YES;
				COPY_PHASE_STRIP = NO;
				DEBUG_INFORMATION_FORMAT = "dwarf-with-dsym";
				ENABLE_NS_ASSERTIONS = NO;
				ENABLE_STRICT_OBJC_MSGSEND = YES;
				GCC_C_LANGUAGE_STANDARD = gnu11;
				GCC_NO_COMMON_BLOCKS = YES;
				GCC_WARN_64_TO_32_BIT_CONVERSION = YES;
				GCC_WARN_ABOUT_RETURN_TYPE = YES_ERROR;
				GCC_WARN_UNDECLARED_SELECTOR = YES;
				GCC_WARN_UNINITIALIZED_AUTOS = YES_AGGRESSIVE;
				GCC_WARN_UNUSED_FUNCTION = YES;
				GCC_WARN_UNUSED_VARIABLE = YES;
				IPHONEOS_DEPLOYMENT_TARGET = 14.3;
				MTL_ENABLE_DEBUG_INFO = NO;
				MTL_FAST_MATH = YES;
				SDKROOT = iphoneos;
				SWIFT_COMPILATION_MODE = wholemodule;
				SWIFT_OPTIMIZATION_LEVEL = "-O";
				VALIDATE_PRODUCT = YES;
			};
			name = Release;
		};
		5E9F900325DB7A1A0085E890 /* Debug */ = {
			isa = XCBuildConfiguration;
			buildSettings = {
				ASSETCATALOG_COMPILER_APPICON_NAME = AppIcon;
				ASSETCATALOG_COMPILER_GLOBAL_ACCENT_COLOR_NAME = AccentColor;
				CODE_SIGN_STYLE = Automatic;
				INFOPLIST_FILE = Flix/Info.plist;
				LD_RUNPATH_SEARCH_PATHS = (
					"$(inherited)",
					"@executable_path/Frameworks",
				);
				PRODUCT_BUNDLE_IDENTIFIER = jasonmew8.Flix;
				PRODUCT_NAME = "$(TARGET_NAME)";
				SWIFT_VERSION = 5.0;
				TARGETED_DEVICE_FAMILY = "1,2";
			};
			name = Debug;
		};
		5E9F900425DB7A1A0085E890 /* Release */ = {
			isa = XCBuildConfiguration;
			buildSettings = {
				ASSETCATALOG_COMPILER_APPICON_NAME = AppIcon;
				ASSETCATALOG_COMPILER_GLOBAL_ACCENT_COLOR_NAME = AccentColor;
				CODE_SIGN_STYLE = Automatic;
				INFOPLIST_FILE = Flix/Info.plist;
				LD_RUNPATH_SEARCH_PATHS = (
					"$(inherited)",
					"@executable_path/Frameworks",
				);
				PRODUCT_BUNDLE_IDENTIFIER = jasonmew8.Flix;
				PRODUCT_NAME = "$(TARGET_NAME)";
				SWIFT_VERSION = 5.0;
				TARGETED_DEVICE_FAMILY = "1,2";
			};
			name = Release;
		};
		5E9F900625DB7A1A0085E890 /* Debug */ = {
			isa = XCBuildConfiguration;
			buildSettings = {
				ALWAYS_EMBED_SWIFT_STANDARD_LIBRARIES = YES;
				BUNDLE_LOADER = "$(TEST_HOST)";
				CODE_SIGN_STYLE = Automatic;
				INFOPLIST_FILE = FlixTests/Info.plist;
				IPHONEOS_DEPLOYMENT_TARGET = 14.3;
				LD_RUNPATH_SEARCH_PATHS = (
					"$(inherited)",
					"@executable_path/Frameworks",
					"@loader_path/Frameworks",
				);
				PRODUCT_BUNDLE_IDENTIFIER = jasonmew8.FlixTests;
				PRODUCT_NAME = "$(TARGET_NAME)";
				SWIFT_VERSION = 5.0;
				TARGETED_DEVICE_FAMILY = "1,2";
				TEST_HOST = "$(BUILT_PRODUCTS_DIR)/Flix.app/Flix";
			};
			name = Debug;
		};
		5E9F900725DB7A1A0085E890 /* Release */ = {
			isa = XCBuildConfiguration;
			buildSettings = {
				ALWAYS_EMBED_SWIFT_STANDARD_LIBRARIES = YES;
				BUNDLE_LOADER = "$(TEST_HOST)";
				CODE_SIGN_STYLE = Automatic;
				INFOPLIST_FILE = FlixTests/Info.plist;
				IPHONEOS_DEPLOYMENT_TARGET = 14.3;
				LD_RUNPATH_SEARCH_PATHS = (
					"$(inherited)",
					"@executable_path/Frameworks",
					"@loader_path/Frameworks",
				);
				PRODUCT_BUNDLE_IDENTIFIER = jasonmew8.FlixTests;
				PRODUCT_NAME = "$(TARGET_NAME)";
				SWIFT_VERSION = 5.0;
				TARGETED_DEVICE_FAMILY = "1,2";
				TEST_HOST = "$(BUILT_PRODUCTS_DIR)/Flix.app/Flix";
			};
			name = Release;
		};
		5E9F900925DB7A1A0085E890 /* Debug */ = {
			isa = XCBuildConfiguration;
			buildSettings = {
				ALWAYS_EMBED_SWIFT_STANDARD_LIBRARIES = YES;
				CODE_SIGN_STYLE = Automatic;
				INFOPLIST_FILE = FlixUITests/Info.plist;
				LD_RUNPATH_SEARCH_PATHS = (
					"$(inherited)",
					"@executable_path/Frameworks",
					"@loader_path/Frameworks",
				);
				PRODUCT_BUNDLE_IDENTIFIER = jasonmew8.FlixUITests;
				PRODUCT_NAME = "$(TARGET_NAME)";
				SWIFT_VERSION = 5.0;
				TARGETED_DEVICE_FAMILY = "1,2";
				TEST_TARGET_NAME = Flix;
			};
			name = Debug;
		};
		5E9F900A25DB7A1A0085E890 /* Release */ = {
			isa = XCBuildConfiguration;
			buildSettings = {
				ALWAYS_EMBED_SWIFT_STANDARD_LIBRARIES = YES;
				CODE_SIGN_STYLE = Automatic;
				INFOPLIST_FILE = FlixUITests/Info.plist;
				LD_RUNPATH_SEARCH_PATHS = (
					"$(inherited)",
					"@executable_path/Frameworks",
					"@loader_path/Frameworks",
				);
				PRODUCT_BUNDLE_IDENTIFIER = jasonmew8.FlixUITests;
				PRODUCT_NAME = "$(TARGET_NAME)";
				SWIFT_VERSION = 5.0;
				TARGETED_DEVICE_FAMILY = "1,2";
				TEST_TARGET_NAME = Flix;
			};
			name = Release;
		};
/* End XCBuildConfiguration section */

/* Begin XCConfigurationList section */
		5E9F8FD325DB7A180085E890 /* Build configuration list for PBXProject "Flix" */ = {
			isa = XCConfigurationList;
			buildConfigurations = (
				5E9F900025DB7A1A0085E890 /* Debug */,
				5E9F900125DB7A1A0085E890 /* Release */,
			);
			defaultConfigurationIsVisible = 0;
			defaultConfigurationName = Release;
		};
		5E9F900225DB7A1A0085E890 /* Build configuration list for PBXNativeTarget "Flix" */ = {
			isa = XCConfigurationList;
			buildConfigurations = (
				5E9F900325DB7A1A0085E890 /* Debug */,
				5E9F900425DB7A1A0085E890 /* Release */,
			);
			defaultConfigurationIsVisible = 0;
			defaultConfigurationName = Release;
		};
		5E9F900525DB7A1A0085E890 /* Build configuration list for PBXNativeTarget "FlixTests" */ = {
			isa = XCConfigurationList;
			buildConfigurations = (
				5E9F900625DB7A1A0085E890 /* Debug */,
				5E9F900725DB7A1A0085E890 /* Release */,
			);
			defaultConfigurationIsVisible = 0;
			defaultConfigurationName = Release;
		};
		5E9F900825DB7A1A0085E890 /* Build configuration list for PBXNativeTarget "FlixUITests" */ = {
			isa = XCConfigurationList;
			buildConfigurations = (
				5E9F900925DB7A1A0085E890 /* Debug */,
				5E9F900A25DB7A1A0085E890 /* Release */,
			);
			defaultConfigurationIsVisible = 0;
			defaultConfigurationName = Release;
		};
/* End XCConfigurationList section */
	};
	rootObject = 5E9F8FD025DB7A180085E890 /* Project object */;
}
